// !$*UTF8*$!
{
	archiveVersion = 1;
	classes = {
	};
	objectVersion = 50;
	objects = {

/* Begin PBXBuildFile section */
		7166CD6B251CFAEF004B686E /* AppDelegate.swift in Sources */ = {isa = PBXBuildFile; fileRef = 7166CD6A251CFAEF004B686E /* AppDelegate.swift */; };
		7166CD6D251CFAEF004B686E /* SceneDelegate.swift in Sources */ = {isa = PBXBuildFile; fileRef = 7166CD6C251CFAEF004B686E /* SceneDelegate.swift */; };
		7166CD6F251CFAEF004B686E /* ViewController.swift in Sources */ = {isa = PBXBuildFile; fileRef = 7166CD6E251CFAEF004B686E /* ViewController.swift */; };
		7166CD72251CFAEF004B686E /* Main.storyboard in Resources */ = {isa = PBXBuildFile; fileRef = 7166CD70251CFAEF004B686E /* Main.storyboard */; };
		7166CD74251CFAF4004B686E /* Assets.xcassets in Resources */ = {isa = PBXBuildFile; fileRef = 7166CD73251CFAF4004B686E /* Assets.xcassets */; };
		7166CD77251CFAF4004B686E /* LaunchScreen.storyboard in Resources */ = {isa = PBXBuildFile; fileRef = 7166CD75251CFAF4004B686E /* LaunchScreen.storyboard */; };
/* End PBXBuildFile section */

/* Begin PBXFileReference section */
		7166CD67251CFAEF004B686E /* iOS-hw3-p1.app */ = {isa = PBXFileReference; explicitFileType = wrapper.application; includeInIndex = 0; path = "iOS-hw3-p1.app"; sourceTree = BUILT_PRODUCTS_DIR; };
		7166CD6A251CFAEF004B686E /* AppDelegate.swift */ = {isa = PBXFileReference; lastKnownFileType = sourcecode.swift; path = AppDelegate.swift; sourceTree = "<group>"; };
		7166CD6C251CFAEF004B686E /* SceneDelegate.swift */ = {isa = PBXFileReference; lastKnownFileType = sourcecode.swift; path = SceneDelegate.swift; sourceTree = "<group>"; };
		7166CD6E251CFAEF004B686E /* ViewController.swift */ = {isa = PBXFileReference; lastKnownFileType = sourcecode.swift; path = ViewController.swift; sourceTree = "<group>"; };
		7166CD71251CFAEF004B686E /* Base */ = {isa = PBXFileReference; lastKnownFileType = file.storyboard; name = Base; path = Base.lproj/Main.storyboard; sourceTree = "<group>"; };
		7166CD73251CFAF4004B686E /* Assets.xcassets */ = {isa = PBXFileReference; lastKnownFileType = folder.assetcatalog; path = Assets.xcassets; sourceTree = "<group>"; };
		7166CD76251CFAF4004B686E /* Base */ = {isa = PBXFileReference; lastKnownFileType = file.storyboard; name = Base; path = Base.lproj/LaunchScreen.storyboard; sourceTree = "<group>"; };
		7166CD78251CFAF4004B686E /* Info.plist */ = {isa = PBXFileReference; lastKnownFileType = text.plist.xml; path = Info.plist; sourceTree = "<group>"; };
/* End PBXFileReference section */

/* Begin PBXFrameworksBuildPhase section */
		7166CD64251CFAEE004B686E /* Frameworks */ = {
			isa = PBXFrameworksBuildPhase;
			buildActionMask = 2147483647;
			files = (
			);
			runOnlyForDeploymentPostprocessing = 0;
		};
/* End PBXFrameworksBuildPhase section */

/* Begin PBXGroup section */
		7166CD5E251CFAEE004B686E = {
			isa = PBXGroup;
			children = (
				7166CD69251CFAEF004B686E /* iOS-hw3-p1 */,
				7166CD68251CFAEF004B686E /* Products */,
			);
			sourceTree = "<group>";
		};
		7166CD68251CFAEF004B686E /* Products */ = {
			isa = PBXGroup;
			children = (
				7166CD67251CFAEF004B686E /* iOS-hw3-p1.app */,
			);
			name = Products;
			sourceTree = "<group>";
		};
		7166CD69251CFAEF004B686E /* iOS-hw3-p1 */ = {
			isa = PBXGroup;
			children = (
				7166CD6A251CFAEF004B686E /* AppDelegate.swift */,
				7166CD6C251CFAEF004B686E /* SceneDelegate.swift */,
				7166CD6E251CFAEF004B686E /* ViewController.swift */,
				7166CD70251CFAEF004B686E /* Main.storyboard */,
				7166CD73251CFAF4004B686E /* Assets.xcassets */,
				7166CD75251CFAF4004B686E /* LaunchScreen.storyboard */,
				7166CD78251CFAF4004B686E /* Info.plist */,
			);
			path = "iOS-hw3-p1";
			sourceTree = "<group>";
		};
/* End PBXGroup section */

/* Begin PBXNativeTarget section */
		7166CD66251CFAEE004B686E /* iOS-hw3-p1 */ = {
			isa = PBXNativeTarget;
			buildConfigurationList = 7166CD7B251CFAF4004B686E /* Build configuration list for PBXNativeTarget "iOS-hw3-p1" */;
			buildPhases = (
				7166CD63251CFAEE004B686E /* Sources */,
				7166CD64251CFAEE004B686E /* Frameworks */,
				7166CD65251CFAEE004B686E /* Resources */,
			);
			buildRules = (
			);
			dependencies = (
			);
			name = "iOS-hw3-p1";
			productName = "iOS-hw3-p1";
			productReference = 7166CD67251CFAEF004B686E /* iOS-hw3-p1.app */;
			productType = "com.apple.product-type.application";
		};
/* End PBXNativeTarget section */

/* Begin PBXProject section */
		7166CD5F251CFAEE004B686E /* Project object */ = {
			isa = PBXProject;
			attributes = {
				LastSwiftUpdateCheck = 1170;
				LastUpgradeCheck = 1170;
				ORGANIZATIONNAME = "deemah saad aldaihane";
				TargetAttributes = {
					7166CD66251CFAEE004B686E = {
						CreatedOnToolsVersion = 11.7;
					};
				};
			};
			buildConfigurationList = 7166CD62251CFAEE004B686E /* Build configuration list for PBXProject "iOS-hw3-p1" */;
			compatibilityVersion = "Xcode 9.3";
			developmentRegion = en;
			hasScannedForEncodings = 0;
			knownRegions = (
				en,
				Base,
			);
			mainGroup = 7166CD5E251CFAEE004B686E;
			productRefGroup = 7166CD68251CFAEF004B686E /* Products */;
			projectDirPath = "";
			projectRoot = "";
			targets = (
				7166CD66251CFAEE004B686E /* iOS-hw3-p1 */,
			);
		};
/* End PBXProject section */

/* Begin PBXResourcesBuildPhase section */
		7166CD65251CFAEE004B686E /* Resources */ = {
			isa = PBXResourcesBuildPhase;
			buildActionMask = 2147483647;
			files = (
				7166CD77251CFAF4004B686E /* LaunchScreen.storyboard in Resources */,
				7166CD74251CFAF4004B686E /* Assets.xcassets in Resources */,
				7166CD72251CFAEF004B686E /* Main.storyboard in Resources */,
			);
			runOnlyForDeploymentPostprocessing = 0;
		};
/* End PBXResourcesBuildPhase section */

/* Begin PBXSourcesBuildPhase section */
		7166CD63251CFAEE004B686E /* Sources */ = {
			isa = PBXSourcesBuildPhase;
			buildActionMask = 2147483647;
			files = (
				7166CD6F251CFAEF004B686E /* ViewController.swift in Sources */,
				7166CD6B251CFAEF004B686E /* AppDelegate.swift in Sources */,
				7166CD6D251CFAEF004B686E /* SceneDelegate.swift in Sources */,
			);
			runOnlyForDeploymentPostprocessing = 0;
		};
/* End PBXSourcesBuildPhase section */

/* Begin PBXVariantGroup section */
		7166CD70251CFAEF004B686E /* Main.storyboard */ = {
			isa = PBXVariantGroup;
			children = (
				7166CD71251CFAEF004B686E /* Base */,
			);
			name = Main.storyboard;
			sourceTree = "<group>";
		};
		7166CD75251CFAF4004B686E /* LaunchScreen.storyboard */ = {
			isa = PBXVariantGroup;
			children = (
				7166CD76251CFAF4004B686E /* Base */,
			);
			name = LaunchScreen.storyboard;
			sourceTree = "<group>";
		};
/* End PBXVariantGroup section */

/* Begin XCBuildConfiguration section */
		7166CD79251CFAF4004B686E /* Debug */ = {
			isa = XCBuildConfiguration;
			buildSettings = {
				ALWAYS_SEARCH_USER_PATHS = NO;
				CLANG_ANALYZER_NONNULL = YES;
				CLANG_ANALYZER_NUMBER_OBJECT_CONVERSION = YES_AGGRESSIVE;
				CLANG_CXX_LANGUAGE_STANDARD = "gnu++14";
				CLANG_CXX_LIBRARY = "libc++";
				CLANG_ENABLE_MODULES = YES;
				CLANG_ENABLE_OBJC_ARC = YES;
				CLANG_ENABLE_OBJC_WEAK = YES;
				CLANG_WARN_BLOCK_CAPTURE_AUTORELEASING = YES;
				CLANG_WARN_BOOL_CONVERSION = YES;
				CLANG_WARN_COMMA = YES;
				CLANG_WARN_CONSTANT_CONVERSION = YES;
				CLANG_WARN_DEPRECATED_OBJC_IMPLEMENTATIONS = YES;
				CLANG_WARN_DIRECT_OBJC_ISA_USAGE = YES_ERROR;
				CLANG_WARN_DOCUMENTATION_COMMENTS = YES;
				CLANG_WARN_EMPTY_BODY = YES;
				CLANG_WARN_ENUM_CONVERSION = YES;
				CLANG_WARN_INFINITE_RECURSION = YES;
				CLANG_WARN_INT_CONVERSION = YES;
				CLANG_WARN_NON_LITERAL_NULL_CONVERSION = YES;
				CLANG_WARN_OBJC_IMPLICIT_RETAIN_SELF = YES;
				CLANG_WARN_OBJC_LITERAL_CONVERSION = YES;
				CLANG_WARN_OBJC_ROOT_CLASS = YES_ERROR;
				CLANG_WARN_RANGE_LOOP_ANALYSIS = YES;
				CLANG_WARN_STRICT_PROTOTYPES = YES;
				CLANG_WARN_SUSPICIOUS_MOVE = YES;
				CLANG_WARN_UNGUARDED_AVAILABILITY = YES_AGGRESSIVE;
				CLANG_WARN_UNREACHABLE_CODE = YES;
				CLANG_WARN__DUPLICATE_METHOD_MATCH = YES;
				COPY_PHASE_STRIP = NO;
				DEBUG_INFORMATION_FORMAT = dwarf;
				ENABLE_STRICT_OBJC_MSGSEND = YES;
				ENABLE_TESTABILITY = YES;
				GCC_C_LANGUAGE_STANDARD = gnu11;
				GCC_DYNAMIC_NO_PIC = NO;
				GCC_NO_COMMON_BLOCKS = YES;
				GCC_OPTIMIZATION_LEVEL = 0;
				GCC_PREPROCESSOR_DEFINITIONS = (
					"DEBUG=1",
					"$(inherited)",
				);
				GCC_WARN_64_TO_32_BIT_CONVERSION = YES;
				GCC_WARN_ABOUT_RETURN_TYPE = YES_ERROR;
				GCC_WARN_UNDECLARED_SELECTOR = YES;
				GCC_WARN_UNINITIALIZED_AUTOS = YES_AGGRESSIVE;
				GCC_WARN_UNUSED_FUNCTION = YES;
				GCC_WARN_UNUSED_VARIABLE = YES;
				IPHONEOS_DEPLOYMENT_TARGET = 13.7;
				MTL_ENABLE_DEBUG_INFO = INCLUDE_SOURCE;
				MTL_FAST_MATH = YES;
				ONLY_ACTIVE_ARCH = YES;
				SDKROOT = iphoneos;
				SWIFT_ACTIVE_COMPILATION_CONDITIONS = DEBUG;
				SWIFT_OPTIMIZATION_LEVEL = "-Onone";
			};
			name = Debug;
		};
		7166CD7A251CFAF4004B686E /* Release */ = {
			isa = XCBuildConfiguration;
			buildSettings = {
				ALWAYS_SEARCH_USER_PATHS = NO;
				CLANG_ANALYZER_NONNULL = YES;
				CLANG_ANALYZER_NUMBER_OBJECT_CONVERSION = YES_AGGRESSIVE;
				CLANG_CXX_LANGUAGE_STANDARD = "gnu++14";
				CLANG_CXX_LIBRARY = "libc++";
				CLANG_ENABLE_MODULES = YES;
				CLANG_ENABLE_OBJC_ARC = YES;
				CLANG_ENABLE_OBJC_WEAK = YES;
				CLANG_WARN_BLOCK_CAPTURE_AUTORELEASING = YES;
				CLANG_WARN_BOOL_CONVERSION = YES;
				CLANG_WARN_COMMA = YES;
				CLANG_WARN_CONSTANT_CONVERSION = YES;
				CLANG_WARN_DEPRECATED_OBJC_IMPLEMENTATIONS = YES;
				CLANG_WARN_DIRECT_OBJC_ISA_USAGE = YES_ERROR;
				CLANG_WARN_DOCUMENTATION_COMMENTS = YES;
				CLANG_WARN_EMPTY_BODY = YES;
				CLANG_WARN_ENUM_CONVERSION = YES;
				CLANG_WARN_INFINITE_RECURSION = YES;
				CLANG_WARN_INT_CONVERSION = YES;
				CLANG_WARN_NON_LITERAL_NULL_CONVERSION = YES;
				CLANG_WARN_OBJC_IMPLICIT_RETAIN_SELF = YES;
				CLANG_WARN_OBJC_LITERAL_CONVERSION = YES;
				CLANG_WARN_OBJC_ROOT_CLASS = YES_ERROR;
				CLANG_WARN_RANGE_LOOP_ANALYSIS = YES;
				CLANG_WARN_STRICT_PROTOTYPES = YES;
				CLANG_WARN_SUSPICIOUS_MOVE = YES;
				CLANG_WARN_UNGUARDED_AVAILABILITY = YES_AGGRESSIVE;
				CLANG_WARN_UNREACHABLE_CODE = YES;
				CLANG_WARN__DUPLICATE_METHOD_MATCH = YES;
				COPY_PHASE_STRIP = NO;
				DEBUG_INFORMATION_FORMAT = "dwarf-with-dsym";
				ENABLE_NS_ASSERTIONS = NO;
				ENABLE_STRICT_OBJC_MSGSEND = YES;
				GCC_C_LANGUAGE_STANDARD = gnu11;
				GCC_NO_COMMON_BLOCKS = YES;
				GCC_WARN_64_TO_32_BIT_CONVERSION = YES;
				GCC_WARN_ABOUT_RETURN_TYPE = YES_ERROR;
				GCC_WARN_UNDECLARED_SELECTOR = YES;
				GCC_WARN_UNINITIALIZED_AUTOS = YES_AGGRESSIVE;
				GCC_WARN_UNUSED_FUNCTION = YES;
				GCC_WARN_UNUSED_VARIABLE = YES;
				IPHONEOS_DEPLOYMENT_TARGET = 13.7;
				MTL_ENABLE_DEBUG_INFO = NO;
				MTL_FAST_MATH = YES;
				SDKROOT = iphoneos;
				SWIFT_COMPILATION_MODE = wholemodule;
				SWIFT_OPTIMIZATION_LEVEL = "-O";
				VALIDATE_PRODUCT = YES;
			};
			name = Release;
		};
		7166CD7C251CFAF4004B686E /* Debug */ = {
			isa = XCBuildConfiguration;
			buildSettings = {
				ASSETCATALOG_COMPILER_APPICON_NAME = AppIcon;
				CODE_SIGN_STYLE = Automatic;
				INFOPLIST_FILE = "iOS-hw3-p1/Info.plist";
				LD_RUNPATH_SEARCH_PATHS = (
					"$(inherited)",
					"@executable_path/Frameworks",
				);
				PRODUCT_BUNDLE_IDENTIFIER = "deemah.com.iOS-hw3-p1";
				PRODUCT_NAME = "$(TARGET_NAME)";
				SWIFT_VERSION = 5.0;
				TARGETED_DEVICE_FAMILY = "1,2";
			};
			name = Debug;
		};
		7166CD7D251CFAF4004B686E /* Release */ = {
			isa = XCBuildConfiguration;
			buildSettings = {
				ASSETCATALOG_COMPILER_APPICON_NAME = AppIcon;
				CODE_SIGN_STYLE = Automatic;
				INFOPLIST_FILE = "iOS-hw3-p1/Info.plist";
				LD_RUNPATH_SEARCH_PATHS = (
					"$(inherited)",
					"@executable_path/Frameworks",
				);
				PRODUCT_BUNDLE_IDENTIFIER = "deemah.com.iOS-hw3-p1";
				PRODUCT_NAME = "$(TARGET_NAME)";
				SWIFT_VERSION = 5.0;
				TARGETED_DEVICE_FAMILY = "1,2";
			};
			name = Release;
		};
/* End XCBuildConfiguration section */

/* Begin XCConfigurationList section */
		7166CD62251CFAEE004B686E /* Build configuration list for PBXProject "iOS-hw3-p1" */ = {
			isa = XCConfigurationList;
			buildConfigurations = (
				7166CD79251CFAF4004B686E /* Debug */,
				7166CD7A251CFAF4004B686E /* Release */,
			);
			defaultConfigurationIsVisible = 0;
			defaultConfigurationName = Release;
		};
		7166CD7B251CFAF4004B686E /* Build configuration list for PBXNativeTarget "iOS-hw3-p1" */ = {
			isa = XCConfigurationList;
			buildConfigurations = (
				7166CD7C251CFAF4004B686E /* Debug */,
				7166CD7D251CFAF4004B686E /* Release */,
			);
			defaultConfigurationIsVisible = 0;
			defaultConfigurationName = Release;
		};
/* End XCConfigurationList section */
	};
	rootObject = 7166CD5F251CFAEE004B686E /* Project object */;
}
